{
  "name": "apm",
  "lockfileVersion": 2,
  "requires": true,
  "packages": {
    "": {
      "dependencies": {
        "@jcubic/tagger": "^0.6.1"
      }
    },
    "node_modules/@jcubic/tagger": {
      "version": "0.6.1",
      "resolved": "https://registry.npmjs.org/@jcubic/tagger/-/tagger-0.6.1.tgz",
      "integrity": "sha512-3a9sWXPbLXgAbxGKSLqrAeX6og+F68frfSUSX1hWKSa7DA3mINrB3+Pctesd5cq+Dm6nBu2WjD4drj0mIUV59w=="
    }
  },
  "dependencies": {
    "@jcubic/tagger": {
      "version": "0.6.1",
      "resolved": "https://registry.npmjs.org/@jcubic/tagger/-/tagger-0.6.1.tgz",
      "integrity": "sha512-3a9sWXPbLXgAbxGKSLqrAeX6og+F68frfSUSX1hWKSa7DA3mINrB3+Pctesd5cq+Dm6nBu2WjD4drj0mIUV59w=="
    }
  }
}
